{
  "version": 4,
  "terraform_version": "1.9.8",
  "serial": 31,
  "lineage": "0452e059-c215-a6de-3b0b-8fa19c5d8dab",
  "outputs": {},
  "resources": [
    {
      "module": "module.cluster",
      "mode": "managed",
      "type": "google_container_cluster",
      "name": "cluster",
      "provider": "provider[\"registry.terraform.io/hashicorp/google\"]",
      "instances": [
        {
          "schema_version": 2,
          "attributes": {
            "addons_config": [
              {
                "cloudrun_config": [],
                "config_connector_config": [],
                "dns_cache_config": [],
                "gce_persistent_disk_csi_driver_config": [
                  {
                    "enabled": true
                  }
                ],
                "gcp_filestore_csi_driver_config": [],
                "gcs_fuse_csi_driver_config": [],
                "gke_backup_agent_config": [],
                "horizontal_pod_autoscaling": [],
                "http_load_balancing": [],
                "network_policy_config": [
                  {
                    "disabled": true
                  }
                ],
                "stateful_ha_config": []
              }
            ],
            "allow_net_admin": null,
            "authenticator_groups_config": [],
            "binary_authorization": [
              {
                "enabled": false,
                "evaluation_mode": "DISABLED"
              }
            ],
            "cluster_autoscaling": [
              {
                "auto_provisioning_defaults": [],
                "autoscaling_profile": "BALANCED",
                "enabled": false,
                "resource_limits": []
              }
            ],
            "cluster_ipv4_cidr": "10.120.0.0/14",
            "confidential_nodes": [],
            "cost_management_config": [],
            "database_encryption": [
              {
                "key_name": "",
                "state": "DECRYPTED"
              }
            ],
            "datapath_provider": "",
            "default_max_pods_per_node": 110,
            "default_snat_status": [
              {
                "disabled": false
              }
            ],
            "deletion_protection": false,
            "description": "",
            "dns_config": [],
            "enable_autopilot": false,
            "enable_cilium_clusterwide_network_policy": false,
            "enable_intranode_visibility": false,
            "enable_k8s_beta_apis": [],
            "enable_kubernetes_alpha": false,
            "enable_l4_ilb_subsetting": false,
            "enable_legacy_abac": false,
            "enable_shielded_nodes": false,
            "enable_tpu": false,
            "endpoint": "35.193.99.225",
            "fleet": [],
            "gateway_api_config": [],
            "id": "projects/lateral-berm-440713-p6/locations/us-central1-a/clusters/gke-cluster-uscentral1-01",
            "identity_service_config": [],
            "initial_node_count": 1,
            "ip_allocation_policy": [
              {
                "additional_pod_ranges_config": [],
                "cluster_ipv4_cidr_block": "10.120.0.0/14",
                "cluster_secondary_range_name": "gke-gke-cluster-uscentral1-01-pods-f2fbb9b4",
                "pod_cidr_overprovision_config": [
                  {
                    "disabled": false
                  }
                ],
                "services_ipv4_cidr_block": "34.118.224.0/20",
                "services_secondary_range_name": "",
                "stack_type": "IPV4"
              }
            ],
            "label_fingerprint": "a9dc16a7",
            "location": "us-central1-a",
            "logging_config": [
              {
                "enable_components": [
                  "SYSTEM_COMPONENTS",
                  "WORKLOADS"
                ]
              }
            ],
            "logging_service": "logging.googleapis.com/kubernetes",
            "maintenance_policy": [
              {
                "daily_maintenance_window": [],
                "maintenance_exclusion": [],
                "recurring_window": [
                  {
                    "end_time": "2024-07-25T06:00:00Z",
                    "recurrence": "FREQ=DAILY",
                    "start_time": "2024-07-24T02:00:00Z"
                  }
                ]
              }
            ],
            "master_auth": [
              {
                "client_certificate": "",
                "client_certificate_config": [
                  {
                    "issue_client_certificate": false
                  }
                ],
                "client_key": "",
                "cluster_ca_certificate": "LS0tLS1CRUdJTiBDRVJUSUZJQ0FURS0tLS0tCk1JSUVMRENDQXBTZ0F3SUJBZ0lRVzg2SWtwOGFJNG9oZU1SWmhMbjNkVEFOQmdrcWhraUc5dzBCQVFzRkFEQXYKTVMwd0t3WURWUVFERXlReE1XVmlOREJoTkMwNU5UTTRMVFF4T1RRdE9UYzVNeTFsTmpVelptWTJORFl4T1dRdwpJQmNOTWpReE1USXpNRGd3TkRFNFdoZ1BNakExTkRFeE1UWXdPVEEwTVRoYU1DOHhMVEFyQmdOVkJBTVRKREV4ClpXSTBNR0UwTFRrMU16Z3ROREU1TkMwNU56a3pMV1UyTlRObVpqWTBOakU1WkRDQ0FhSXdEUVlKS29aSWh2Y04KQVFFQkJRQURnZ0dQQURDQ0FZb0NnZ0dCQU1ZNnFBdXQ3NURHb3FrbE9TY0k0ZW91RGlaZHNlenNKaityRDY5dgpFTU53bTlsR3lRZ09yRU5Gb0d5VkwxbnRtTU83SWhSTzV6Wk8wbXA1bG9rK3U1VnhaK1lHYXQ1YmRLaXJsVVM3Ci9nV0pVdEpyRDZubVRGMWljWDZHRnUyZFpUYm40MWphNHFQak1YcXh1MUIwbXgzWmNhQjJ3VTBVWlJiV1lmSXcKSW84MEozWGpIMjBnZzYwNi9KVmFPN3QxVHpIbGUzNXVUSk5YbHlIMWhvRGt1M2JZRzlMVXYyaE1Rd0kxajNJVgppNkh6dmlvcGNCK0VvUjdOOGhhWms3VEJGM3hyL3QvQjZ4UU5YbmpaL3E2NXVjbGMrVnJlV29KOFBuOW9aaTROCnJRc3Z5QmdzUEt4LzVFVXNPcjl3Rkc2cURMUGcwVVBpNlcvMjdWOUVJc0hBUGpNcFV5UkE1eTJ1Ui9SRUwxQmgKVTZNc2x6QW81dmJGTkZJNzloY3lLMFVkZ1JmVGI1VEpBdlRRdVlwRFM1UmFMWlBOdkZJYmJUYXVxcVlhRWNYRAptenJhM0NmY2U5YWJJd2FYMXNEZ3dOdDhxWDNwa2pUMk84YzNoQWlwb2lMWGc4S1pBcWpZN0VZWTNLTysrZm9HCmhBb0g2TEZrQWV2bkNzNXFlZ1lyWUlIbWxRSURBUUFCbzBJd1FEQU9CZ05WSFE4QkFmOEVCQU1DQWdRd0R3WUQKVlIwVEFRSC9CQVV3QXdFQi96QWRCZ05WSFE0RUZnUVVHRWdZNDZ5anBqb3NoTFlqK1lrbHlCdHhVN3N3RFFZSgpLb1pJaHZjTkFRRUxCUUFEZ2dHQkFNR21uOXRYOEVjS21Ic3NwdWNmcnc3Y085eUVEZzA2RlF0c0hqaUEvU2ljCi9vZmFnSGVja3lrbHQ2L0VyMkQ1VzlnNmdUUmI5OS9Db2JVVjNVVUMwTkJyMEEvbUxOWFJIbEJvSnVhMndtdnAKdU85Ym52dmd1YndMMUNQLzlUdGVJVFpRY2tQdGprZGtWV1ArV08rSUgzazdHNXNpNmxoaG5VMU5tb1IzaFUrdQpwUkVKY0JBZFgyNzRsSnFQaVQvRDJtTkl4MUNMYm1BaXRUMVdRdkU5NDE3aTBSQ3g3RHRYa25yUFEzemZ4R3RKCmlCc3ZsUzJsQkdpTHpVekM5bFhnSmJMWWJ1Qi9qS2RERHdaRXNYME5VWGdIOHV4ZERaYUFCNGJIY2RTWjFUUUsKSmJrYWhubDB5M1FyMExlaXhzTUpCVVpkMi9EbzBwT251ZWdhYXNocENQaVh6ZnJoemxqY1dPbkJoZWVsZ2JQWQpOdkhTbWlFMUdGNGphUDJDTmFmdm5TWWF2aFo3L2lZUE1MZnJvbWNBSzRmeFFKd2Y4Q2JSMVk2N1VCSlczbmkwCjdnYkdjdzJqRlAvSzNhZlNDbStVWnNiVWRmUTloV2hjTXdiMHoyc1prM2lpeDBia1ZQcEVVaHNuZXQ5SDhhR0UKOEFYRTRlYWx2and1clo0MGdZR3pOUT09Ci0tLS0tRU5EIENFUlRJRklDQVRFLS0tLS0K"
              }
            ],
            "master_authorized_networks_config": [],
            "master_version": "1.31.1-gke.2105000",
            "mesh_certificates": [],
            "min_master_version": null,
            "monitoring_config": [
              {
                "advanced_datapath_observability_config": [
                  {
                    "enable_metrics": false,
                    "enable_relay": false,
                    "relay_mode": "DISABLED"
                  }
                ],
                "enable_components": [
                  "SYSTEM_COMPONENTS",
                  "STATEFULSET",
                  "STORAGE",
                  "HPA",
                  "POD",
                  "DAEMONSET",
                  "DEPLOYMENT",
                  "CADVISOR",
                  "KUBELET"
                ],
                "managed_prometheus": [
                  {
                    "enabled": true
                  }
                ]
              }
            ],
            "monitoring_service": "monitoring.googleapis.com/kubernetes",
            "name": "gke-cluster-uscentral1-01",
            "network": "projects/lateral-berm-440713-p6/global/networks/gke-vpc",
            "network_policy": [
              {
                "enabled": false,
                "provider": "PROVIDER_UNSPECIFIED"
              }
            ],
            "networking_mode": "VPC_NATIVE",
            "node_config": [
              {
                "advanced_machine_features": [],
                "boot_disk_kms_key": "",
                "confidential_nodes": [],
                "containerd_config": [],
                "disk_size_gb": 30,
                "disk_type": "pd-standard",
                "effective_taints": [],
                "enable_confidential_storage": false,
                "ephemeral_storage_local_ssd_config": [],
                "fast_socket": [],
                "gcfs_config": [],
                "guest_accelerator": [],
                "gvnic": [],
                "host_maintenance_policy": [],
                "image_type": "UBUNTU_CONTAINERD",
                "kubelet_config": [],
                "labels": {},
                "linux_node_config": [],
                "local_nvme_ssd_block_config": [],
                "local_ssd_count": 0,
                "logging_variant": "DEFAULT",
                "machine_type": "e2-small",
                "metadata": {
                  "disable-legacy-endpoints": "true"
                },
                "min_cpu_platform": "",
                "node_group": "",
                "oauth_scopes": [
                  "https://www.googleapis.com/auth/cloud-platform"
                ],
                "preemptible": false,
                "reservation_affinity": [],
                "resource_labels": {},
                "resource_manager_tags": {},
                "secondary_boot_disks": [],
                "service_account": "gke-task@lateral-berm-440713-p6.iam.gserviceaccount.com",
                "shielded_instance_config": [
                  {
                    "enable_integrity_monitoring": false,
                    "enable_secure_boot": false
                  }
                ],
                "sole_tenant_config": [],
                "spot": false,
                "tags": [
                  "cluster"
                ],
                "taint": [],
                "workload_metadata_config": []
              }
            ],
            "node_locations": [],
            "node_pool": [
              {
                "autoscaling": [
                  {
                    "location_policy": "BALANCED",
                    "max_node_count": 1,
                    "min_node_count": 1,
                    "total_max_node_count": 0,
                    "total_min_node_count": 0
                  }
                ],
                "initial_node_count": 1,
                "instance_group_urls": [
                  "https://www.googleapis.com/compute/v1/projects/lateral-berm-440713-p6/zones/us-central1-a/instanceGroupManagers/gke-gke-cluster-usce-gke-node-pool-us-d428b316-grp"
                ],
                "managed_instance_group_urls": [
                  "https://www.googleapis.com/compute/v1/projects/lateral-berm-440713-p6/zones/us-central1-a/instanceGroups/gke-gke-cluster-usce-gke-node-pool-us-d428b316-grp"
                ],
                "management": [
                  {
                    "auto_repair": true,
                    "auto_upgrade": true
                  }
                ],
                "max_pods_per_node": 110,
                "name": "gke-node-pool-uscentral-01",
                "name_prefix": "",
                "network_config": [
                  {
                    "create_pod_range": false,
                    "enable_private_nodes": false,
                    "network_performance_config": [],
                    "pod_cidr_overprovision_config": [],
                    "pod_ipv4_cidr_block": "10.120.0.0/14",
                    "pod_range": "gke-gke-cluster-uscentral1-01-pods-f2fbb9b4"
                  }
                ],
                "node_config": [
                  {
                    "advanced_machine_features": [],
                    "boot_disk_kms_key": "",
                    "confidential_nodes": [],
                    "containerd_config": [],
                    "disk_size_gb": 30,
                    "disk_type": "pd-standard",
                    "effective_taints": [],
                    "enable_confidential_storage": false,
                    "ephemeral_storage_local_ssd_config": [],
                    "fast_socket": [],
                    "gcfs_config": [],
                    "guest_accelerator": [],
                    "gvnic": [],
                    "host_maintenance_policy": [],
                    "image_type": "UBUNTU_CONTAINERD",
                    "kubelet_config": [],
                    "labels": {},
                    "linux_node_config": [],
                    "local_nvme_ssd_block_config": [],
                    "local_ssd_count": 0,
                    "logging_variant": "DEFAULT",
                    "machine_type": "e2-small",
                    "metadata": {
                      "disable-legacy-endpoints": "true"
                    },
                    "min_cpu_platform": "",
                    "node_group": "",
                    "oauth_scopes": [
                      "https://www.googleapis.com/auth/cloud-platform"
                    ],
                    "preemptible": false,
                    "reservation_affinity": [],
                    "resource_labels": {},
                    "resource_manager_tags": {},
                    "secondary_boot_disks": [],
                    "service_account": "gke-task@lateral-berm-440713-p6.iam.gserviceaccount.com",
                    "shielded_instance_config": [
                      {
                        "enable_integrity_monitoring": false,
                        "enable_secure_boot": false
                      }
                    ],
                    "sole_tenant_config": [],
                    "spot": false,
                    "tags": [
                      "cluster"
                    ],
                    "taint": [],
                    "workload_metadata_config": []
                  }
                ],
                "node_count": 1,
                "node_locations": [
                  "us-central1-a"
                ],
                "placement_policy": [],
                "queued_provisioning": [],
                "upgrade_settings": [
                  {
                    "blue_green_settings": [],
                    "max_surge": 1,
                    "max_unavailable": 1,
                    "strategy": "SURGE"
                  }
                ],
                "version": "1.31.1-gke.2105000"
              }
            ],
            "node_pool_auto_config": [],
            "node_pool_defaults": [
              {
                "node_config_defaults": [
                  {
                    "containerd_config": [],
                    "logging_variant": "DEFAULT"
                  }
                ]
              }
            ],
            "node_version": "1.31.1-gke.2105000",
            "notification_config": [
              {
                "pubsub": [
                  {
                    "enabled": false,
                    "filter": [],
                    "topic": ""
                  }
                ]
              }
            ],
            "operation": null,
            "private_cluster_config": [
              {
                "enable_private_endpoint": false,
                "enable_private_nodes": false,
                "master_global_access_config": [
                  {
                    "enabled": false
                  }
                ],
                "master_ipv4_cidr_block": "",
                "peering_name": "",
                "private_endpoint": "10.0.0.2",
                "private_endpoint_subnetwork": "",
                "public_endpoint": "35.193.99.225"
              }
            ],
            "private_ipv6_google_access": "",
            "project": "lateral-berm-440713-p6",
            "release_channel": [
              {
                "channel": "RAPID"
              }
            ],
            "remove_default_node_pool": true,
            "resource_labels": {},
            "resource_usage_export_config": [],
            "security_posture_config": [
              {
                "mode": "BASIC",
                "vulnerability_mode": "VULNERABILITY_MODE_UNSPECIFIED"
              }
            ],
            "self_link": "https://container.googleapis.com/v1/projects/lateral-berm-440713-p6/zones/us-central1-a/clusters/gke-cluster-uscentral1-01",
            "service_external_ips_config": [
              {
                "enabled": false
              }
            ],
            "services_ipv4_cidr": "34.118.224.0/20",
            "subnetwork": "projects/lateral-berm-440713-p6/regions/us-central1/subnetworks/gke-subnet",
            "timeouts": {
              "create": "40m",
              "delete": null,
              "read": null,
              "update": "40m"
            },
            "tpu_ipv4_cidr_block": "",
            "vertical_pod_autoscaling": [
              {
                "enabled": true
              }
            ],
            "workload_identity_config": []
          },
          "sensitive_attributes": [
            [
              {
                "type": "get_attr",
                "value": "master_auth"
              },
              {
                "type": "index",
                "value": {
                  "value": 0,
                  "type": "number"
                }
              },
              {
                "type": "get_attr",
                "value": "client_key"
              }
            ]
          ],
          "private": "eyJlMmJmYjczMC1lY2FhLTExZTYtOGY4OC0zNDM2M2JjN2M0YzAiOnsiY3JlYXRlIjoyNDAwMDAwMDAwMDAwLCJkZWxldGUiOjI0MDAwMDAwMDAwMDAsInJlYWQiOjI0MDAwMDAwMDAwMDAsInVwZGF0ZSI6MjQwMDAwMDAwMDAwMH0sInNjaGVtYV92ZXJzaW9uIjoiMiJ9",
          "dependencies": [
            "module.custom-network.google_compute_network.vpc-network",
            "module.custom-network.google_compute_subnetwork.subnets"
          ]
        }
      ]
    },
    {
      "module": "module.custom-network",
      "mode": "managed",
      "type": "google_compute_firewall",
      "name": "firewall",
      "provider": "provider[\"registry.terraform.io/hashicorp/google\"]",
      "instances": [
        {
          "index_key": 0,
          "schema_version": 1,
          "attributes": {
            "allow": [
              {
                "ports": [
                  "22",
                  "443",
                  "3000",
                  "80"
                ],
                "protocol": "tcp"
              }
            ],
            "creation_timestamp": "2024-11-23T01:04:02.186-08:00",
            "deny": [],
            "description": "",
            "destination_ranges": [],
            "direction": "INGRESS",
            "disabled": false,
            "enable_logging": null,
            "id": "projects/lateral-berm-440713-p6/global/firewalls/gke-cluster-uscentral1-01",
            "log_config": [
              {
                "metadata": "INCLUDE_ALL_METADATA"
              }
            ],
            "name": "gke-cluster-uscentral1-01",
            "network": "https://www.googleapis.com/compute/v1/projects/lateral-berm-440713-p6/global/networks/gke-vpc",
            "priority": 1000,
            "project": "lateral-berm-440713-p6",
            "self_link": "https://www.googleapis.com/compute/v1/projects/lateral-berm-440713-p6/global/firewalls/gke-cluster-uscentral1-01",
            "source_ranges": [
              "0.0.0.0/0",
              "10.0.0.0/24"
            ],
            "source_service_accounts": [],
            "source_tags": [
              "cluster"
            ],
            "target_service_accounts": [],
            "target_tags": [
              "cluster"
            ],
            "timeouts": null
          },
          "sensitive_attributes": [],
          "private": "eyJlMmJmYjczMC1lY2FhLTExZTYtOGY4OC0zNDM2M2JjN2M0YzAiOnsiY3JlYXRlIjoxMjAwMDAwMDAwMDAwLCJkZWxldGUiOjEyMDAwMDAwMDAwMDAsInVwZGF0ZSI6MTIwMDAwMDAwMDAwMH0sInNjaGVtYV92ZXJzaW9uIjoiMSJ9",
          "dependencies": [
            "module.custom-network.google_compute_network.vpc-network"
          ]
        }
      ]
    },
    {
      "module": "module.custom-network",
      "mode": "managed",
      "type": "google_compute_network",
      "name": "vpc-network",
      "provider": "provider[\"registry.terraform.io/hashicorp/google\"]",
      "instances": [
        {
          "index_key": 0,
          "schema_version": 0,
          "attributes": {
            "auto_create_subnetworks": false,
            "delete_default_routes_on_create": false,
            "description": "",
            "enable_ula_internal_ipv6": false,
            "gateway_ipv4": "",
            "id": "projects/lateral-berm-440713-p6/global/networks/gke-vpc",
            "internal_ipv6_range": "",
            "mtu": 0,
            "name": "gke-vpc",
            "network_firewall_policy_enforcement_order": "AFTER_CLASSIC_FIREWALL",
            "numeric_id": "9111546871296042115",
            "project": "lateral-berm-440713-p6",
            "routing_mode": "REGIONAL",
            "self_link": "https://www.googleapis.com/compute/v1/projects/lateral-berm-440713-p6/global/networks/gke-vpc",
            "timeouts": null
          },
          "sensitive_attributes": [],
          "private": "eyJlMmJmYjczMC1lY2FhLTExZTYtOGY4OC0zNDM2M2JjN2M0YzAiOnsiY3JlYXRlIjoxMjAwMDAwMDAwMDAwLCJkZWxldGUiOjEyMDAwMDAwMDAwMDAsInVwZGF0ZSI6MTIwMDAwMDAwMDAwMH19"
        }
      ]
    },
    {
      "module": "module.custom-network",
      "mode": "managed",
      "type": "google_compute_subnetwork",
      "name": "subnets",
      "provider": "provider[\"registry.terraform.io/hashicorp/google\"]",
      "instances": [
        {
          "index_key": 0,
          "schema_version": 0,
          "attributes": {
            "creation_timestamp": "2024-11-23T01:04:02.243-08:00",
            "description": "",
            "external_ipv6_prefix": "",
            "fingerprint": null,
            "gateway_address": "10.0.0.1",
            "id": "projects/lateral-berm-440713-p6/regions/us-central1/subnetworks/gke-subnet",
            "internal_ipv6_prefix": "",
            "ip_cidr_range": "10.0.0.0/24",
            "ipv6_access_type": "",
            "ipv6_cidr_range": "",
            "log_config": [
              {
                "aggregation_interval": "INTERVAL_10_MIN",
                "filter_expr": "true",
                "flow_sampling": 0.5,
                "metadata": "INCLUDE_ALL_METADATA",
                "metadata_fields": []
              }
            ],
            "name": "gke-subnet",
            "network": "https://www.googleapis.com/compute/v1/projects/lateral-berm-440713-p6/global/networks/gke-vpc",
            "private_ip_google_access": true,
            "private_ipv6_google_access": "DISABLE_GOOGLE_ACCESS",
            "project": "lateral-berm-440713-p6",
            "purpose": "PRIVATE",
            "region": "us-central1",
            "role": "",
            "secondary_ip_range": [
              {
                "ip_cidr_range": "10.120.0.0/14",
                "range_name": "gke-gke-cluster-uscentral1-01-pods-f2fbb9b4"
              }
            ],
            "self_link": "https://www.googleapis.com/compute/v1/projects/lateral-berm-440713-p6/regions/us-central1/subnetworks/gke-subnet",
            "stack_type": "IPV4_ONLY",
            "timeouts": null
          },
          "sensitive_attributes": [],
          "private": "eyJlMmJmYjczMC1lY2FhLTExZTYtOGY4OC0zNDM2M2JjN2M0YzAiOnsiY3JlYXRlIjoxMjAwMDAwMDAwMDAwLCJkZWxldGUiOjEyMDAwMDAwMDAwMDAsInVwZGF0ZSI6MTIwMDAwMDAwMDAwMH19",
          "dependencies": [
            "module.custom-network.google_compute_network.vpc-network"
          ]
        }
      ]
    },
    {
      "module": "module.node-pool",
      "mode": "managed",
      "type": "google_container_node_pool",
      "name": "node_pool",
      "provider": "provider[\"registry.terraform.io/hashicorp/google\"]",
      "instances": [
        {
          "schema_version": 1,
          "attributes": {
            "autoscaling": [
              {
                "location_policy": "BALANCED",
                "max_node_count": 1,
                "min_node_count": 1,
                "total_max_node_count": 0,
                "total_min_node_count": 0
              }
            ],
            "cluster": "projects/lateral-berm-440713-p6/locations/us-central1-a/clusters/gke-cluster-uscentral1-01",
            "id": "projects/lateral-berm-440713-p6/locations/us-central1-a/clusters/gke-cluster-uscentral1-01/nodePools/gke-node-pool-uscentral-01",
            "initial_node_count": 1,
            "instance_group_urls": [
              "https://www.googleapis.com/compute/v1/projects/lateral-berm-440713-p6/zones/us-central1-a/instanceGroupManagers/gke-gke-cluster-usce-gke-node-pool-us-d428b316-grp"
            ],
            "location": "us-central1-a",
            "managed_instance_group_urls": [
              "https://www.googleapis.com/compute/v1/projects/lateral-berm-440713-p6/zones/us-central1-a/instanceGroups/gke-gke-cluster-usce-gke-node-pool-us-d428b316-grp"
            ],
            "management": [
              {
                "auto_repair": true,
                "auto_upgrade": true
              }
            ],
            "max_pods_per_node": 110,
            "name": "gke-node-pool-uscentral-01",
            "name_prefix": "",
            "network_config": [
              {
                "create_pod_range": false,
                "enable_private_nodes": false,
                "network_performance_config": [],
                "pod_cidr_overprovision_config": [],
                "pod_ipv4_cidr_block": "10.120.0.0/14",
                "pod_range": "gke-gke-cluster-uscentral1-01-pods-f2fbb9b4"
              }
            ],
            "node_config": [
              {
                "advanced_machine_features": [],
                "boot_disk_kms_key": "",
                "confidential_nodes": [],
                "containerd_config": [],
                "disk_size_gb": 30,
                "disk_type": "pd-standard",
                "effective_taints": [],
                "enable_confidential_storage": false,
                "ephemeral_storage_local_ssd_config": [],
                "fast_socket": [],
                "gcfs_config": [],
                "guest_accelerator": [],
                "gvnic": [],
                "host_maintenance_policy": [],
                "image_type": "UBUNTU_CONTAINERD",
                "kubelet_config": [],
                "labels": {},
                "linux_node_config": [],
                "local_nvme_ssd_block_config": [],
                "local_ssd_count": 0,
                "logging_variant": "DEFAULT",
                "machine_type": "e2-small",
                "metadata": {
                  "disable-legacy-endpoints": "true"
                },
                "min_cpu_platform": "",
                "node_group": "",
                "oauth_scopes": [
                  "https://www.googleapis.com/auth/cloud-platform"
                ],
                "preemptible": false,
                "reservation_affinity": [],
                "resource_labels": {},
                "resource_manager_tags": {},
                "secondary_boot_disks": [],
                "service_account": "gke-task@lateral-berm-440713-p6.iam.gserviceaccount.com",
                "shielded_instance_config": [
                  {
                    "enable_integrity_monitoring": false,
                    "enable_secure_boot": false
                  }
                ],
                "sole_tenant_config": [],
                "spot": false,
                "tags": [
                  "cluster"
                ],
                "taint": [],
                "workload_metadata_config": []
              }
            ],
            "node_count": 1,
            "node_locations": [
              "us-central1-a"
            ],
            "operation": null,
            "placement_policy": [],
            "project": "lateral-berm-440713-p6",
            "queued_provisioning": [],
            "timeouts": {
              "create": "40m",
              "delete": null,
              "update": "40m"
            },
            "upgrade_settings": [
              {
                "blue_green_settings": [],
                "max_surge": 1,
                "max_unavailable": 1,
                "strategy": "SURGE"
              }
            ],
            "version": "1.31.1-gke.2105000"
          },
          "sensitive_attributes": [],
          "private": "eyJlMmJmYjczMC1lY2FhLTExZTYtOGY4OC0zNDM2M2JjN2M0YzAiOnsiY3JlYXRlIjoyNDAwMDAwMDAwMDAwLCJkZWxldGUiOjE4MDAwMDAwMDAwMDAsInVwZGF0ZSI6MjQwMDAwMDAwMDAwMH0sInNjaGVtYV92ZXJzaW9uIjoiMSJ9",
          "dependencies": [
            "module.cluster.google_container_cluster.cluster",
            "module.custom-network.google_compute_firewall.firewall",
            "module.custom-network.google_compute_network.vpc-network",
            "module.custom-network.google_compute_subnetwork.subnets"
          ]
        }
      ]
    }
  ],
  "check_results": null
}
