{
  "version": 4,
  "terraform_version": "1.9.8",
  "serial": 7,
  "lineage": "7c0ce8ba-cb84-6215-a410-a46d91af9af3",
  "outputs": {},
  "resources": [
    {
      "module": "module.cluster",
      "mode": "managed",
      "type": "google_container_cluster",
      "name": "cluster",
      "provider": "provider[\"registry.terraform.io/hashicorp/google\"]",
      "instances": [
        {
          "schema_version": 2,
          "attributes": {
            "addons_config": [
              {
                "cloudrun_config": [],
                "config_connector_config": [],
                "dns_cache_config": [],
                "gce_persistent_disk_csi_driver_config": [
                  {
                    "enabled": true
                  }
                ],
                "gcp_filestore_csi_driver_config": [],
                "gcs_fuse_csi_driver_config": [],
                "gke_backup_agent_config": [],
                "horizontal_pod_autoscaling": [],
                "http_load_balancing": [],
                "network_policy_config": [
                  {
                    "disabled": true
                  }
                ],
                "stateful_ha_config": []
              }
            ],
            "allow_net_admin": null,
            "authenticator_groups_config": [],
            "binary_authorization": [
              {
                "enabled": false,
                "evaluation_mode": "DISABLED"
              }
            ],
            "cluster_autoscaling": [
              {
                "auto_provisioning_defaults": [],
                "autoscaling_profile": "BALANCED",
                "enabled": false,
                "resource_limits": []
              }
            ],
            "cluster_ipv4_cidr": "10.164.0.0/14",
            "confidential_nodes": [],
            "cost_management_config": [],
            "database_encryption": [
              {
                "key_name": "",
                "state": "DECRYPTED"
              }
            ],
            "datapath_provider": "",
            "default_max_pods_per_node": 110,
            "default_snat_status": [
              {
                "disabled": false
              }
            ],
            "deletion_protection": false,
            "description": "",
            "dns_config": [],
            "enable_autopilot": false,
            "enable_cilium_clusterwide_network_policy": false,
            "enable_intranode_visibility": false,
            "enable_k8s_beta_apis": [],
            "enable_kubernetes_alpha": false,
            "enable_l4_ilb_subsetting": false,
            "enable_legacy_abac": false,
            "enable_shielded_nodes": false,
            "enable_tpu": false,
            "endpoint": "34.72.174.65",
            "fleet": [],
            "gateway_api_config": [],
            "id": "projects/lateral-berm-440713-p6/locations/us-central1-a/clusters/gke-cluster-uscentral1-01",
            "identity_service_config": [],
            "initial_node_count": 1,
            "ip_allocation_policy": [
              {
                "additional_pod_ranges_config": [],
                "cluster_ipv4_cidr_block": "10.164.0.0/14",
                "cluster_secondary_range_name": "gke-gke-cluster-uscentral1-01-pods-0c43fe87",
                "pod_cidr_overprovision_config": [
                  {
                    "disabled": false
                  }
                ],
                "services_ipv4_cidr_block": "34.118.224.0/20",
                "services_secondary_range_name": "",
                "stack_type": "IPV4"
              }
            ],
            "label_fingerprint": "a9dc16a7",
            "location": "us-central1-a",
            "logging_config": [
              {
                "enable_components": [
                  "SYSTEM_COMPONENTS",
                  "WORKLOADS"
                ]
              }
            ],
            "logging_service": "logging.googleapis.com/kubernetes",
            "maintenance_policy": [
              {
                "daily_maintenance_window": [],
                "maintenance_exclusion": [],
                "recurring_window": [
                  {
                    "end_time": "2024-07-25T06:00:00Z",
                    "recurrence": "FREQ=DAILY",
                    "start_time": "2024-07-24T02:00:00Z"
                  }
                ]
              }
            ],
            "master_auth": [
              {
                "client_certificate": "",
                "client_certificate_config": [
                  {
                    "issue_client_certificate": false
                  }
                ],
                "client_key": "",
                "cluster_ca_certificate": "LS0tLS1CRUdJTiBDRVJUSUZJQ0FURS0tLS0tCk1JSUVMRENDQXBTZ0F3SUJBZ0lRZmN4bFZtZGlxbnJjU0FDS0hMZlRWREFOQmdrcWhraUc5dzBCQVFzRkFEQXYKTVMwd0t3WURWUVFERXlReE0yUXpPV0k0TnkxbFpXWTBMVFE1TVRVdE9ETmhaQzFtTlRVME1qVmxabVF5TlRjdwpJQmNOTWpReE1USXpNREkxTURNM1doZ1BNakExTkRFeE1UWXdNelV3TXpkYU1DOHhMVEFyQmdOVkJBTVRKREV6ClpETTVZamczTFdWbFpqUXRORGt4TlMwNE0yRmtMV1kxTlRReU5XVm1aREkxTnpDQ0FhSXdEUVlKS29aSWh2Y04KQVFFQkJRQURnZ0dQQURDQ0FZb0NnZ0dCQU14cDNsT0lCVktRMmkvQzcza2RKSEdsUXdqM1Q1Wit4OEh3QXdyeQp2MmtBc0R2ZVFFWTdjOW9ucGIxVXV1TFIvcFV1czhrbmNTNE1Ldzl2MUx5R3NBR1d0bDJuSEU3NUcxMDVESkNVCmdVK1NyNlNUSUJTWkVvdlY4U05LU2RBTXhsT0MycWt2LzJHNlk4WnRrOVhJTzBady95c3JZeW56dm5tNS9wc20KOFN1UzRVa2NwMXpHalplY2F0Z3l0NG41TEx4RkhxUUdUQ2VLVk9Rdm8zZUd2Qys1eGJ0RUdyeUFGVDRsZjF4SgpkMWZWcGM3OFBpeEVSWG9Icit5ZmJEelJFUE40eXBNYmEza05yNWxxK2MrV3JZMVZ3QVF6RTd5OGZHVkxCMzl5CnNITkVjZkhQZWZoYUNpRStVQmlvOENSaGtRK3ViaHRiaFN6Qm1FOEJlSm5kUXFrR1MzRUQzUDIrNEtPZGFJMncKN2EyQmkyTWhORHVzK3c2WmpSTDlxNDNvdzNxMExxeWxqRTRaRmsybUNvVm8zdkg5SUUvejZhcFBNYzZEeWZwaQpZNDF6V2xSdEVaRkNCY0p2VGlNRTY4WU1SQy9uOVROdXZzWXdDbVowWGc1MFpwK2Iyb1R3b3ZtMFdINWdiZ25wCkdMQnlTTEhOWnlzQnBmbWlMelM4cUxGS2F3SURBUUFCbzBJd1FEQU9CZ05WSFE4QkFmOEVCQU1DQWdRd0R3WUQKVlIwVEFRSC9CQVV3QXdFQi96QWRCZ05WSFE0RUZnUVV1dnF6ejgwdTBPbVNTUk43VitzYjBrbG5DeFF3RFFZSgpLb1pJaHZjTkFRRUxCUUFEZ2dHQkFLWGUvWm82cUNEQXozOU5hSml2UVAvUklDK0oyWlQ3a08xQ1p2Nzd2TmVmCkJab0x1c2s4T0s5UytoaGhWSzkwQ3lkOXFhU0cvS0RncFkvc0tyRGVHWXkwRmFUVndnSG1JVEcxNUdvSVB2ZnkKT3dyczZ3UzM1bVg2U08vUFRuWG12aUNrb0dBai9rNGJjUzhXbWRQNUNxQ3JJek5OQldzRVptVFRlVHhyREdXZApRQk40UkdMTzdjYmJucDRTdGxTbXFDSmFLZVBqZUlJNWRjK1JmZmpEZGlzWklsNEtCYUJlSmp4cEpFdGkxUFd3Cnh2RVZxRlVpdU9OeTJWT0NTZ1UzVDhBdjNFbWlRRUhrd0wzZWxmQ2hnQSswT00rK1BGRFlkVUFHU2dtcUhvVjgKM0VVVjNkTWY1MVVtd0pEaUdZZ3k2UUZKSFJERS9vVXVlRlV3Y3pBM3p0RUtkUHFhYnFVRDV4RkYyckVDSUV2ZAowVlErVTB4cjFVYmVlUDNOSU5KN3U3K045eDlFalJ2Mk5YYWRjbklXQ2NQQ2xTa011MmR6MGRnS2hZZ0N0eTA3CnZ2TmN0ZXpVNW4rU09JWDVtUzZZRWord3lVWmk5RXI0cEdHbU5ITDFGNE9PaTloNThwVGlNblo2bW1vdkxLNTAKVUdHNWxaTG1aZXNSSVNjcVpTMldoQT09Ci0tLS0tRU5EIENFUlRJRklDQVRFLS0tLS0K"
              }
            ],
            "master_authorized_networks_config": [],
            "master_version": "1.31.1-gke.2105000",
            "mesh_certificates": [],
            "min_master_version": null,
            "monitoring_config": [
              {
                "advanced_datapath_observability_config": [
                  {
                    "enable_metrics": false,
                    "enable_relay": false,
                    "relay_mode": "DISABLED"
                  }
                ],
                "enable_components": [
                  "SYSTEM_COMPONENTS",
                  "STATEFULSET",
                  "STORAGE",
                  "HPA",
                  "POD",
                  "DAEMONSET",
                  "DEPLOYMENT",
                  "KUBELET",
                  "CADVISOR"
                ],
                "managed_prometheus": [
                  {
                    "enabled": true
                  }
                ]
              }
            ],
            "monitoring_service": "monitoring.googleapis.com/kubernetes",
            "name": "gke-cluster-uscentral1-01",
            "network": "projects/lateral-berm-440713-p6/global/networks/gke-vpc",
            "network_policy": [
              {
                "enabled": false,
                "provider": "PROVIDER_UNSPECIFIED"
              }
            ],
            "networking_mode": "VPC_NATIVE",
            "node_config": [],
            "node_locations": [],
            "node_pool": [],
            "node_pool_auto_config": [],
            "node_pool_defaults": [
              {
                "node_config_defaults": [
                  {
                    "containerd_config": [],
                    "logging_variant": "DEFAULT"
                  }
                ]
              }
            ],
            "node_version": "1.31.1-gke.2105000",
            "notification_config": [
              {
                "pubsub": [
                  {
                    "enabled": true,
                    "filter": [],
                    "topic": "projects/lateral-berm-440713-p6/topics/gke-topic-cluster-01"
                  }
                ]
              }
            ],
            "operation": null,
            "private_cluster_config": [
              {
                "enable_private_endpoint": false,
                "enable_private_nodes": false,
                "master_global_access_config": [
                  {
                    "enabled": false
                  }
                ],
                "master_ipv4_cidr_block": "",
                "peering_name": "",
                "private_endpoint": "10.0.0.2",
                "private_endpoint_subnetwork": "",
                "public_endpoint": "34.72.174.65"
              }
            ],
            "private_ipv6_google_access": "",
            "project": "lateral-berm-440713-p6",
            "release_channel": [
              {
                "channel": "RAPID"
              }
            ],
            "remove_default_node_pool": true,
            "resource_labels": null,
            "resource_usage_export_config": [],
            "security_posture_config": [
              {
                "mode": "BASIC",
                "vulnerability_mode": "VULNERABILITY_MODE_UNSPECIFIED"
              }
            ],
            "self_link": "https://container.googleapis.com/v1/projects/lateral-berm-440713-p6/zones/us-central1-a/clusters/gke-cluster-uscentral1-01",
            "service_external_ips_config": [
              {
                "enabled": false
              }
            ],
            "services_ipv4_cidr": "34.118.224.0/20",
            "subnetwork": "projects/lateral-berm-440713-p6/regions/us-central1/subnetworks/gke-subnet",
            "timeouts": {
              "create": "40m",
              "delete": null,
              "read": null,
              "update": "40m"
            },
            "tpu_ipv4_cidr_block": "",
            "vertical_pod_autoscaling": [
              {
                "enabled": true
              }
            ],
            "workload_identity_config": []
          },
          "sensitive_attributes": [
            [
              {
                "type": "get_attr",
                "value": "master_auth"
              },
              {
                "type": "index",
                "value": {
                  "value": 0,
                  "type": "number"
                }
              },
              {
                "type": "get_attr",
                "value": "client_key"
              }
            ]
          ],
          "private": "eyJlMmJmYjczMC1lY2FhLTExZTYtOGY4OC0zNDM2M2JjN2M0YzAiOnsiY3JlYXRlIjoyNDAwMDAwMDAwMDAwLCJkZWxldGUiOjI0MDAwMDAwMDAwMDAsInJlYWQiOjI0MDAwMDAwMDAwMDAsInVwZGF0ZSI6MjQwMDAwMDAwMDAwMH0sInNjaGVtYV92ZXJzaW9uIjoiMiJ9",
          "dependencies": [
            "module.custom-network.google_compute_firewall.firewall",
            "module.custom-network.google_compute_network.vpc-network",
            "module.custom-network.google_compute_subnetwork.subnets",
            "module.notify.google_pubsub_topic.topic"
          ]
        }
      ]
    },
    {
      "module": "module.custom-network",
      "mode": "managed",
      "type": "google_compute_firewall",
      "name": "firewall",
      "provider": "provider[\"registry.terraform.io/hashicorp/google\"]",
      "instances": [
        {
          "index_key": 0,
          "schema_version": 1,
          "attributes": {
            "allow": [
              {
                "ports": [
                  "22",
                  "443",
                  "3000",
                  "80"
                ],
                "protocol": "tcp"
              }
            ],
            "creation_timestamp": "2024-11-22T19:50:19.589-08:00",
            "deny": [],
            "description": "",
            "destination_ranges": [],
            "direction": "INGRESS",
            "disabled": false,
            "enable_logging": null,
            "id": "projects/lateral-berm-440713-p6/global/firewalls/gke-cluster-uscentral1-01",
            "log_config": [
              {
                "metadata": "INCLUDE_ALL_METADATA"
              }
            ],
            "name": "gke-cluster-uscentral1-01",
            "network": "https://www.googleapis.com/compute/v1/projects/lateral-berm-440713-p6/global/networks/gke-vpc",
            "priority": 1000,
            "project": "lateral-berm-440713-p6",
            "self_link": "https://www.googleapis.com/compute/v1/projects/lateral-berm-440713-p6/global/firewalls/gke-cluster-uscentral1-01",
            "source_ranges": [
              "0.0.0.0/0"
            ],
            "source_service_accounts": null,
            "source_tags": [
              "cluster"
            ],
            "target_service_accounts": null,
            "target_tags": [
              "cluster"
            ],
            "timeouts": null
          },
          "sensitive_attributes": [],
          "private": "eyJlMmJmYjczMC1lY2FhLTExZTYtOGY4OC0zNDM2M2JjN2M0YzAiOnsiY3JlYXRlIjoxMjAwMDAwMDAwMDAwLCJkZWxldGUiOjEyMDAwMDAwMDAwMDAsInVwZGF0ZSI6MTIwMDAwMDAwMDAwMH0sInNjaGVtYV92ZXJzaW9uIjoiMSJ9",
          "dependencies": [
            "module.custom-network.google_compute_network.vpc-network"
          ]
        }
      ]
    },
    {
      "module": "module.custom-network",
      "mode": "managed",
      "type": "google_compute_network",
      "name": "vpc-network",
      "provider": "provider[\"registry.terraform.io/hashicorp/google\"]",
      "instances": [
        {
          "index_key": 0,
          "schema_version": 0,
          "attributes": {
            "auto_create_subnetworks": false,
            "delete_default_routes_on_create": false,
            "description": "",
            "enable_ula_internal_ipv6": false,
            "gateway_ipv4": "",
            "id": "projects/lateral-berm-440713-p6/global/networks/gke-vpc",
            "internal_ipv6_range": "",
            "mtu": 0,
            "name": "gke-vpc",
            "network_firewall_policy_enforcement_order": "AFTER_CLASSIC_FIREWALL",
            "numeric_id": "2883183279449370122",
            "project": "lateral-berm-440713-p6",
            "routing_mode": "REGIONAL",
            "self_link": "https://www.googleapis.com/compute/v1/projects/lateral-berm-440713-p6/global/networks/gke-vpc",
            "timeouts": null
          },
          "sensitive_attributes": [],
          "private": "eyJlMmJmYjczMC1lY2FhLTExZTYtOGY4OC0zNDM2M2JjN2M0YzAiOnsiY3JlYXRlIjoxMjAwMDAwMDAwMDAwLCJkZWxldGUiOjEyMDAwMDAwMDAwMDAsInVwZGF0ZSI6MTIwMDAwMDAwMDAwMH19"
        }
      ]
    },
    {
      "module": "module.custom-network",
      "mode": "managed",
      "type": "google_compute_subnetwork",
      "name": "subnets",
      "provider": "provider[\"registry.terraform.io/hashicorp/google\"]",
      "instances": [
        {
          "index_key": 0,
          "schema_version": 0,
          "attributes": {
            "creation_timestamp": "2024-11-22T19:50:21.423-08:00",
            "description": "",
            "external_ipv6_prefix": "",
            "fingerprint": null,
            "gateway_address": "10.0.0.1",
            "id": "projects/lateral-berm-440713-p6/regions/us-central1/subnetworks/gke-subnet",
            "internal_ipv6_prefix": "",
            "ip_cidr_range": "10.0.0.0/24",
            "ipv6_access_type": "",
            "ipv6_cidr_range": "",
            "log_config": [
              {
                "aggregation_interval": "INTERVAL_10_MIN",
                "filter_expr": "true",
                "flow_sampling": 0.5,
                "metadata": "INCLUDE_ALL_METADATA",
                "metadata_fields": null
              }
            ],
            "name": "gke-subnet",
            "network": "https://www.googleapis.com/compute/v1/projects/lateral-berm-440713-p6/global/networks/gke-vpc",
            "private_ip_google_access": false,
            "private_ipv6_google_access": "DISABLE_GOOGLE_ACCESS",
            "project": "lateral-berm-440713-p6",
            "purpose": "PRIVATE",
            "region": "us-central1",
            "role": "",
            "secondary_ip_range": [],
            "self_link": "https://www.googleapis.com/compute/v1/projects/lateral-berm-440713-p6/regions/us-central1/subnetworks/gke-subnet",
            "stack_type": "IPV4_ONLY",
            "timeouts": null
          },
          "sensitive_attributes": [],
          "private": "eyJlMmJmYjczMC1lY2FhLTExZTYtOGY4OC0zNDM2M2JjN2M0YzAiOnsiY3JlYXRlIjoxMjAwMDAwMDAwMDAwLCJkZWxldGUiOjEyMDAwMDAwMDAwMDAsInVwZGF0ZSI6MTIwMDAwMDAwMDAwMH19",
          "dependencies": [
            "module.custom-network.google_compute_network.vpc-network"
          ]
        }
      ]
    },
    {
      "module": "module.node-pool",
      "mode": "managed",
      "type": "google_container_node_pool",
      "name": "node_pool",
      "provider": "provider[\"registry.terraform.io/hashicorp/google\"]",
      "instances": [
        {
          "schema_version": 1,
          "attributes": {
            "autoscaling": [
              {
                "location_policy": "BALANCED",
                "max_node_count": 1,
                "min_node_count": 1,
                "total_max_node_count": 0,
                "total_min_node_count": 0
              }
            ],
            "cluster": "projects/lateral-berm-440713-p6/locations/us-central1-a/clusters/gke-cluster-uscentral1-01",
            "id": "projects/lateral-berm-440713-p6/locations/us-central1-a/clusters/gke-cluster-uscentral1-01/nodePools/gke-node-pool-uscentral-01",
            "initial_node_count": 1,
            "instance_group_urls": [
              "https://www.googleapis.com/compute/v1/projects/lateral-berm-440713-p6/zones/us-central1-a/instanceGroupManagers/gke-gke-cluster-usce-gke-node-pool-us-fe001990-grp"
            ],
            "location": "us-central1-a",
            "managed_instance_group_urls": [
              "https://www.googleapis.com/compute/v1/projects/lateral-berm-440713-p6/zones/us-central1-a/instanceGroups/gke-gke-cluster-usce-gke-node-pool-us-fe001990-grp"
            ],
            "management": [
              {
                "auto_repair": true,
                "auto_upgrade": true
              }
            ],
            "max_pods_per_node": 110,
            "name": "gke-node-pool-uscentral-01",
            "name_prefix": "",
            "network_config": [
              {
                "create_pod_range": false,
                "enable_private_nodes": false,
                "network_performance_config": [],
                "pod_cidr_overprovision_config": [],
                "pod_ipv4_cidr_block": "10.164.0.0/14",
                "pod_range": "gke-gke-cluster-uscentral1-01-pods-0c43fe87"
              }
            ],
            "node_config": [
              {
                "advanced_machine_features": [],
                "boot_disk_kms_key": "",
                "confidential_nodes": [],
                "containerd_config": [],
                "disk_size_gb": 10,
                "disk_type": "pd-standard",
                "effective_taints": [],
                "enable_confidential_storage": false,
                "ephemeral_storage_local_ssd_config": [],
                "fast_socket": [],
                "gcfs_config": [],
                "guest_accelerator": [],
                "gvnic": [],
                "host_maintenance_policy": [],
                "image_type": "UBUNTU_CONTAINERD",
                "kubelet_config": [],
                "labels": {},
                "linux_node_config": [],
                "local_nvme_ssd_block_config": [],
                "local_ssd_count": 0,
                "logging_variant": "DEFAULT",
                "machine_type": "e2-small",
                "metadata": {
                  "disable-legacy-endpoints": "true"
                },
                "min_cpu_platform": "",
                "node_group": "",
                "oauth_scopes": [
                  "https://www.googleapis.com/auth/cloud-platform"
                ],
                "preemptible": false,
                "reservation_affinity": [],
                "resource_labels": null,
                "resource_manager_tags": null,
                "secondary_boot_disks": [],
                "service_account": "gke-usecase@lateral-berm-440713-p6.iam.gserviceaccount.com",
                "shielded_instance_config": [
                  {
                    "enable_integrity_monitoring": false,
                    "enable_secure_boot": false
                  }
                ],
                "sole_tenant_config": [],
                "spot": false,
                "tags": [
                  "cluster"
                ],
                "taint": [],
                "workload_metadata_config": []
              }
            ],
            "node_count": 1,
            "node_locations": [
              "us-central1-a"
            ],
            "operation": null,
            "placement_policy": [],
            "project": "lateral-berm-440713-p6",
            "queued_provisioning": [],
            "timeouts": {
              "create": "40m",
              "delete": null,
              "update": "40m"
            },
            "upgrade_settings": [
              {
                "blue_green_settings": [],
                "max_surge": 1,
                "max_unavailable": 1,
                "strategy": "SURGE"
              }
            ],
            "version": "1.31.1-gke.2105000"
          },
          "sensitive_attributes": [],
          "private": "eyJlMmJmYjczMC1lY2FhLTExZTYtOGY4OC0zNDM2M2JjN2M0YzAiOnsiY3JlYXRlIjoyNDAwMDAwMDAwMDAwLCJkZWxldGUiOjE4MDAwMDAwMDAwMDAsInVwZGF0ZSI6MjQwMDAwMDAwMDAwMH0sInNjaGVtYV92ZXJzaW9uIjoiMSJ9",
          "dependencies": [
            "module.cluster.google_container_cluster.cluster",
            "module.custom-network.google_compute_firewall.firewall",
            "module.custom-network.google_compute_network.vpc-network",
            "module.custom-network.google_compute_subnetwork.subnets",
            "module.notify.google_pubsub_topic.topic"
          ]
        }
      ]
    },
    {
      "module": "module.notify",
      "mode": "managed",
      "type": "google_pubsub_topic",
      "name": "topic",
      "provider": "provider[\"registry.terraform.io/hashicorp/google\"]",
      "instances": [
        {
          "schema_version": 0,
          "attributes": {
            "effective_labels": {},
            "id": "projects/lateral-berm-440713-p6/topics/gke-topic-cluster-01",
            "ingestion_data_source_settings": [],
            "kms_key_name": "",
            "labels": null,
            "message_retention_duration": "",
            "message_storage_policy": [],
            "name": "gke-topic-cluster-01",
            "project": "lateral-berm-440713-p6",
            "schema_settings": [],
            "terraform_labels": {},
            "timeouts": null
          },
          "sensitive_attributes": [],
          "private": "eyJlMmJmYjczMC1lY2FhLTExZTYtOGY4OC0zNDM2M2JjN2M0YzAiOnsiY3JlYXRlIjoxMjAwMDAwMDAwMDAwLCJkZWxldGUiOjEyMDAwMDAwMDAwMDAsInVwZGF0ZSI6MTIwMDAwMDAwMDAwMH19"
        }
      ]
    }
  ],
  "check_results": null
}
